<Solution>
  <Folder Name="/docs/" />
  <Folder Name="/src/" />
  <Folder Name="/src/BuildingBlocks/" />
  <Folder Name="/src/BuildingBlocks/Core/" />
  <Folder Name="/src/BuildingBlocks/Logging/" />
  <Folder Name="/src/BuildingBlocks/Messaging/" />
  <Folder Name="/src/BuildingBlocks/Observability/" />
  <Folder Name="/src/BuildingBlocks/Web/" />
  <Folder Name="/src/Frontend/" />
  <Folder Name="/src/Services/" />
  <Folder Name="/src/Services/AuthService/" />
  <Folder Name="/src/Services/DashboardApi/" />
  <Folder Name="/src/Services/OrdersService/" />
  <Folder Name="/src/Services/PaymentsService/" />
  <Folder Name="/src/Services/TelemetryCollector/">
    <Project Path="src/Services/TelemetryCollector/TelemetryCollector.Application/TelemetryCollector.Application.csproj" Id="b7313109-a26f-4924-8395-42a3cc9df7b9" />
    <Project Path="src/Services/TelemetryCollector/TelemetryCollector.Domain/TelemetryCollector.Domain.csproj" Id="04998fe8-14d7-43c0-9fb6-fd48d4f90511" />
  </Folder>
  <Folder Name="/tests/" />
</Solution>
